
Microsoft Visual Studio Solution File, Format Version 12.00
# Visual Studio 14
VisualStudioVersion = 14.0.25420.1
MinimumVisualStudioVersion = 10.0.40219.1
Project("{8BB2217D-0F2D-49D1-97BC-3654ED321F3B}") = "NouteAPI.Domain", "NouteAPI.Domain\NouteAPI.Domain.xproj", "{703DA812-77C3-4F46-8792-B9AE45752DA4}"
EndProject
Project("{8BB2217D-0F2D-49D1-97BC-3654ED321F3B}") = "NouteAPI.Infra", "Noute.Infra\NouteAPI.Infra.xproj", "{B47F7781-8527-43DC-9DF4-13A3B6B2481B}"
EndProject
Project("{8BB2217D-0F2D-49D1-97BC-3654ED321F3B}") = "NouteAPI.Application", "NouteAPI.Application\NouteAPI.Application.xproj", "{EC5A0A9D-A793-48A6-AC08-EAF3F5C7EBB0}"
EndProject
Project("{FAE04EC0-301F-11D3-BF4B-00C04F79EFBC}") = "NouteAPI.Repositories", "NouteAPI.Repositories\NouteAPI.Repositories.csproj", "{3BBFEB23-F631-4DDD-A0CF-2E76E17A9A2D}"
EndProject
Global
	GlobalSection(SolutionConfigurationPlatforms) = preSolution
		Debug|Any CPU = Debug|Any CPU
		Release|Any CPU = Release|Any CPU
	EndGlobalSection
	GlobalSection(ProjectConfigurationPlatforms) = postSolution
		{703DA812-77C3-4F46-8792-B9AE45752DA4}.Debug|Any CPU.ActiveCfg = Debug|Any CPU
		{703DA812-77C3-4F46-8792-B9AE45752DA4}.Debug|Any CPU.Build.0 = Debug|Any CPU
		{703DA812-77C3-4F46-8792-B9AE45752DA4}.Release|Any CPU.ActiveCfg = Release|Any CPU
		{703DA812-77C3-4F46-8792-B9AE45752DA4}.Release|Any CPU.Build.0 = Release|Any CPU
		{B47F7781-8527-43DC-9DF4-13A3B6B2481B}.Debug|Any CPU.ActiveCfg = Debug|Any CPU
		{B47F7781-8527-43DC-9DF4-13A3B6B2481B}.Debug|Any CPU.Build.0 = Debug|Any CPU
		{B47F7781-8527-43DC-9DF4-13A3B6B2481B}.Release|Any CPU.ActiveCfg = Release|Any CPU
		{B47F7781-8527-43DC-9DF4-13A3B6B2481B}.Release|Any CPU.Build.0 = Release|Any CPU
		{EC5A0A9D-A793-48A6-AC08-EAF3F5C7EBB0}.Debug|Any CPU.ActiveCfg = Debug|Any CPU
		{EC5A0A9D-A793-48A6-AC08-EAF3F5C7EBB0}.Debug|Any CPU.Build.0 = Debug|Any CPU
		{EC5A0A9D-A793-48A6-AC08-EAF3F5C7EBB0}.Release|Any CPU.ActiveCfg = Release|Any CPU
		{EC5A0A9D-A793-48A6-AC08-EAF3F5C7EBB0}.Release|Any CPU.Build.0 = Release|Any CPU
		{3BBFEB23-F631-4DDD-A0CF-2E76E17A9A2D}.Debug|Any CPU.ActiveCfg = Debug|Any CPU
		{3BBFEB23-F631-4DDD-A0CF-2E76E17A9A2D}.Debug|Any CPU.Build.0 = Debug|Any CPU
		{3BBFEB23-F631-4DDD-A0CF-2E76E17A9A2D}.Release|Any CPU.ActiveCfg = Release|Any CPU
		{3BBFEB23-F631-4DDD-A0CF-2E76E17A9A2D}.Release|Any CPU.Build.0 = Release|Any CPU
	EndGlobalSection
	GlobalSection(SolutionProperties) = preSolution
		HideSolutionNode = FALSE
	EndGlobalSection
EndGlobal
